
Microsoft Visual Studio Solution File, Format Version 12.00
# Visual Studio Version 16
VisualStudioVersion = 16.0.30907.101
MinimumVisualStudioVersion = 10.0.40219.1
Project("{FAE04EC0-301F-11D3-BF4B-00C04F79EFBC}") = "XE Automation Test", "XE Automation Test\XE Automation Test.csproj", "{FBBD94F3-C2DF-4C67-B58E-31B14B71E6FF}"
EndProject
Global
	GlobalSection(SolutionConfigurationPlatforms) = preSolution
		Debug|Any CPU = Debug|Any CPU
		Release|Any CPU = Release|Any CPU
	EndGlobalSection
	GlobalSection(ProjectConfigurationPlatforms) = postSolution
		{FBBD94F3-C2DF-4C67-B58E-31B14B71E6FF}.Debug|Any CPU.ActiveCfg = Debug|Any CPU
		{FBBD94F3-C2DF-4C67-B58E-31B14B71E6FF}.Debug|Any CPU.Build.0 = Debug|Any CPU
		{FBBD94F3-C2DF-4C67-B58E-31B14B71E6FF}.Release|Any CPU.ActiveCfg = Release|Any CPU
		{FBBD94F3-C2DF-4C67-B58E-31B14B71E6FF}.Release|Any CPU.Build.0 = Release|Any CPU
	EndGlobalSection
	GlobalSection(SolutionProperties) = preSolution
		HideSolutionNode = FALSE
	EndGlobalSection
	GlobalSection(ExtensibilityGlobals) = postSolution
		SolutionGuid = {E399B960-01F8-4CE5-B8BE-3A9AFAF9CFC7}
	EndGlobalSection
EndGlobal
